
Microsoft Visual Studio Solution File, Format Version 12.00
# Visual Studio 15
VisualStudioVersion = 15.0.28307.421
MinimumVisualStudioVersion = 10.0.40219.1
Project("{FAE04EC0-301F-11D3-BF4B-00C04F79EFBC}") = "gRPCServer", "csharpGRPC\gRPCServer.csproj", "{D2D00F84-C332-4434-B8F8-D6D05FFFF65B}"
EndProject
Project("{FAE04EC0-301F-11D3-BF4B-00C04F79EFBC}") = "gRPCClient", "gRPCClient\gRPCClient.csproj", "{388BA6D0-1F6A-4A99-A9B7-3A54FEA176B2}"
EndProject
Project("{FAE04EC0-301F-11D3-BF4B-00C04F79EFBC}") = "Protos", "Protos\Protos.csproj", "{6C1AA4D7-7B5B-4030-890C-B471FE4C89D5}"
EndProject
Global
	GlobalSection(SolutionConfigurationPlatforms) = preSolution
		Debug|Any CPU = Debug|Any CPU
		Release|Any CPU = Release|Any CPU
	EndGlobalSection
	GlobalSection(ProjectConfigurationPlatforms) = postSolution
		{D2D00F84-C332-4434-B8F8-D6D05FFFF65B}.Debug|Any CPU.ActiveCfg = Debug|Any CPU
		{D2D00F84-C332-4434-B8F8-D6D05FFFF65B}.Debug|Any CPU.Build.0 = Debug|Any CPU
		{D2D00F84-C332-4434-B8F8-D6D05FFFF65B}.Release|Any CPU.ActiveCfg = Release|Any CPU
		{D2D00F84-C332-4434-B8F8-D6D05FFFF65B}.Release|Any CPU.Build.0 = Release|Any CPU
		{388BA6D0-1F6A-4A99-A9B7-3A54FEA176B2}.Debug|Any CPU.ActiveCfg = Debug|Any CPU
		{388BA6D0-1F6A-4A99-A9B7-3A54FEA176B2}.Debug|Any CPU.Build.0 = Debug|Any CPU
		{388BA6D0-1F6A-4A99-A9B7-3A54FEA176B2}.Release|Any CPU.ActiveCfg = Release|Any CPU
		{388BA6D0-1F6A-4A99-A9B7-3A54FEA176B2}.Release|Any CPU.Build.0 = Release|Any CPU
		{6C1AA4D7-7B5B-4030-890C-B471FE4C89D5}.Debug|Any CPU.ActiveCfg = Debug|Any CPU
		{6C1AA4D7-7B5B-4030-890C-B471FE4C89D5}.Debug|Any CPU.Build.0 = Debug|Any CPU
		{6C1AA4D7-7B5B-4030-890C-B471FE4C89D5}.Release|Any CPU.ActiveCfg = Release|Any CPU
		{6C1AA4D7-7B5B-4030-890C-B471FE4C89D5}.Release|Any CPU.Build.0 = Release|Any CPU
	EndGlobalSection
	GlobalSection(SolutionProperties) = preSolution
		HideSolutionNode = FALSE
	EndGlobalSection
	GlobalSection(ExtensibilityGlobals) = postSolution
		SolutionGuid = {0F3E4F4F-7791-4F1A-8068-CBB8CB0A549C}
	EndGlobalSection
EndGlobal
